
Microsoft Visual Studio Solution File, Format Version 12.00
# Visual Studio 15
VisualStudioVersion = 15.0.28010.2026
MinimumVisualStudioVersion = 10.0.40219.1
Project("{FAE04EC0-301F-11D3-BF4B-00C04F79EFBC}") = "SaveTheVid", "SaveTheVid.csproj", "{E1216D35-7A52-485B-9E4A-42E6A03881C2}"
EndProject
Project("{54435603-DBB4-11D2-8724-00A0C9A8B90C}") = "Setup", "..\Setup\Setup.vdproj", "{351C1094-7E93-4485-B418-00F36382D6D2}"
EndProject
Global
	GlobalSection(SolutionConfigurationPlatforms) = preSolution
		Debug|Any CPU = Debug|Any CPU
		Release|Any CPU = Release|Any CPU
	EndGlobalSection
	GlobalSection(ProjectConfigurationPlatforms) = postSolution
		{E1216D35-7A52-485B-9E4A-42E6A03881C2}.Debug|Any CPU.ActiveCfg = Debug|Any CPU
		{E1216D35-7A52-485B-9E4A-42E6A03881C2}.Debug|Any CPU.Build.0 = Debug|Any CPU
		{E1216D35-7A52-485B-9E4A-42E6A03881C2}.Release|Any CPU.ActiveCfg = Release|Any CPU
		{E1216D35-7A52-485B-9E4A-42E6A03881C2}.Release|Any CPU.Build.0 = Release|Any CPU
		{351C1094-7E93-4485-B418-00F36382D6D2}.Debug|Any CPU.ActiveCfg = Debug
		{351C1094-7E93-4485-B418-00F36382D6D2}.Release|Any CPU.ActiveCfg = Release
	EndGlobalSection
	GlobalSection(SolutionProperties) = preSolution
		HideSolutionNode = FALSE
	EndGlobalSection
	GlobalSection(ExtensibilityGlobals) = postSolution
		SolutionGuid = {E34E8B4E-35F2-4649-8EFB-B9E18CE5CE8F}
	EndGlobalSection
EndGlobal
